
Microsoft Visual Studio Solution File, Format Version 12.00
# Visual Studio 15
VisualStudioVersion = 15.0.28307.102
MinimumVisualStudioVersion = 10.0.40219.1
Project("{8BC9CEB8-8B4A-11D0-8D11-00A0C91BC942}") = "CTAS", "CTAS\CTAS.vcxproj", "{543DE0E3-7517-469F-878E-8D5B16181B93}"
EndProject
Global
	GlobalSection(SolutionConfigurationPlatforms) = preSolution
		Debug|x64 = Debug|x64
		Debug|x86 = Debug|x86
		Release|x64 = Release|x64
		Release|x86 = Release|x86
	EndGlobalSection
	GlobalSection(ProjectConfigurationPlatforms) = postSolution
		{543DE0E3-7517-469F-878E-8D5B16181B93}.Debug|x64.ActiveCfg = Debug|x64
		{543DE0E3-7517-469F-878E-8D5B16181B93}.Debug|x64.Build.0 = Debug|x64
		{543DE0E3-7517-469F-878E-8D5B16181B93}.Debug|x86.ActiveCfg = Debug|Win32
		{543DE0E3-7517-469F-878E-8D5B16181B93}.Debug|x86.Build.0 = Debug|Win32
		{543DE0E3-7517-469F-878E-8D5B16181B93}.Release|x64.ActiveCfg = Release|x64
		{543DE0E3-7517-469F-878E-8D5B16181B93}.Release|x64.Build.0 = Release|x64
		{543DE0E3-7517-469F-878E-8D5B16181B93}.Release|x86.ActiveCfg = Release|Win32
		{543DE0E3-7517-469F-878E-8D5B16181B93}.Release|x86.Build.0 = Release|Win32
	EndGlobalSection
	GlobalSection(SolutionProperties) = preSolution
		HideSolutionNode = FALSE
	EndGlobalSection
	GlobalSection(ExtensibilityGlobals) = postSolution
		SolutionGuid = {239182D8-6802-41A9-A273-CB5B235AF655}
	EndGlobalSection
EndGlobal
